
Microsoft Visual Studio Solution File, Format Version 12.00
# Visual Studio 2013
VisualStudioVersion = 12.0.21005.1
MinimumVisualStudioVersion = 10.0.40219.1
Project("{FAE04EC0-301F-11D3-BF4B-00C04F79EFBC}") = "AplicacionWeb", "AplicacionWeb\AplicacionWeb.csproj", "{BF5E9110-7FEB-4EE1-9CBE-B554AAFDC373}"
EndProject
Project("{FAE04EC0-301F-11D3-BF4B-00C04F79EFBC}") = "Entidades", "Entidades\Entidades.csproj", "{B9BF6F4F-232E-41DF-85B8-D387049B9496}"
EndProject
Project("{FAE04EC0-301F-11D3-BF4B-00C04F79EFBC}") = "LogicaNegocio", "LogicaNegocio\LogicaNegocio.csproj", "{7D739866-B546-4930-B872-D903E65932B7}"
EndProject
Global
	GlobalSection(SolutionConfigurationPlatforms) = preSolution
		Debug|Any CPU = Debug|Any CPU
		Release|Any CPU = Release|Any CPU
	EndGlobalSection
	GlobalSection(ProjectConfigurationPlatforms) = postSolution
		{BF5E9110-7FEB-4EE1-9CBE-B554AAFDC373}.Debug|Any CPU.ActiveCfg = Debug|Any CPU
		{BF5E9110-7FEB-4EE1-9CBE-B554AAFDC373}.Debug|Any CPU.Build.0 = Debug|Any CPU
		{BF5E9110-7FEB-4EE1-9CBE-B554AAFDC373}.Release|Any CPU.ActiveCfg = Release|Any CPU
		{BF5E9110-7FEB-4EE1-9CBE-B554AAFDC373}.Release|Any CPU.Build.0 = Release|Any CPU
		{B9BF6F4F-232E-41DF-85B8-D387049B9496}.Debug|Any CPU.ActiveCfg = Debug|Any CPU
		{B9BF6F4F-232E-41DF-85B8-D387049B9496}.Debug|Any CPU.Build.0 = Debug|Any CPU
		{B9BF6F4F-232E-41DF-85B8-D387049B9496}.Release|Any CPU.ActiveCfg = Release|Any CPU
		{B9BF6F4F-232E-41DF-85B8-D387049B9496}.Release|Any CPU.Build.0 = Release|Any CPU
		{7D739866-B546-4930-B872-D903E65932B7}.Debug|Any CPU.ActiveCfg = Debug|Any CPU
		{7D739866-B546-4930-B872-D903E65932B7}.Debug|Any CPU.Build.0 = Debug|Any CPU
		{7D739866-B546-4930-B872-D903E65932B7}.Release|Any CPU.ActiveCfg = Release|Any CPU
		{7D739866-B546-4930-B872-D903E65932B7}.Release|Any CPU.Build.0 = Release|Any CPU
	EndGlobalSection
	GlobalSection(SolutionProperties) = preSolution
		HideSolutionNode = FALSE
	EndGlobalSection
EndGlobal
